<Solution>
  <Folder Name="/src/">
    <Project Path="src/PharmaTraining.Api/PharmaTraining.Api.csproj" />
    <Project Path="src/PharmaTraining.Application/PharmaTraining.Application.csproj" />
    <Project Path="src/PharmaTraining.Domain/PharmaTraining.Domain.csproj" />
    <Project Path="src/PharmaTraining.Infrastructure/PharmaTraining.Infrastructure.csproj" />
  </Folder>
  <Folder Name="/tests/">
    <Project Path="tests/PharmaTraining.Tests/PharmaTraining.Tests.csproj" />
  </Folder>
</Solution>
